
Microsoft Visual Studio Solution File, Format Version 12.00
# Visual Studio Version 16
VisualStudioVersion = 16.0.31402.337
MinimumVisualStudioVersion = 10.0.40219.1
Project("{FAE04EC0-301F-11D3-BF4B-00C04F79EFBC}") = "Web_ASPMVC", "Web_ASPMVC\Web_ASPMVC.csproj", "{9AA72C81-EFA8-49BF-9B15-1FE8F930823E}"
EndProject
Global
	GlobalSection(SolutionConfigurationPlatforms) = preSolution
		Debug|Any CPU = Debug|Any CPU
		Release|Any CPU = Release|Any CPU
	EndGlobalSection
	GlobalSection(ProjectConfigurationPlatforms) = postSolution
		{9AA72C81-EFA8-49BF-9B15-1FE8F930823E}.Debug|Any CPU.ActiveCfg = Debug|Any CPU
		{9AA72C81-EFA8-49BF-9B15-1FE8F930823E}.Debug|Any CPU.Build.0 = Debug|Any CPU
		{9AA72C81-EFA8-49BF-9B15-1FE8F930823E}.Release|Any CPU.ActiveCfg = Release|Any CPU
		{9AA72C81-EFA8-49BF-9B15-1FE8F930823E}.Release|Any CPU.Build.0 = Release|Any CPU
	EndGlobalSection
	GlobalSection(SolutionProperties) = preSolution
		HideSolutionNode = FALSE
	EndGlobalSection
	GlobalSection(ExtensibilityGlobals) = postSolution
		SolutionGuid = {CC61B030-C962-423D-A346-D8E59398D80A}
	EndGlobalSection
EndGlobal
