
Microsoft Visual Studio Solution File, Format Version 12.00
# Visual Studio Version 16
VisualStudioVersion = 16.0.31515.178
MinimumVisualStudioVersion = 10.0.40219.1
Project("{FAE04EC0-301F-11D3-BF4B-00C04F79EFBC}") = "MNTCiname", "MNTCiname\MNTCiname.csproj", "{6FA1B975-7B76-4937-AE51-6B02C7C8A4DD}"
EndProject
Global
	GlobalSection(SolutionConfigurationPlatforms) = preSolution
		Debug|Any CPU = Debug|Any CPU
		Release|Any CPU = Release|Any CPU
	EndGlobalSection
	GlobalSection(ProjectConfigurationPlatforms) = postSolution
		{6FA1B975-7B76-4937-AE51-6B02C7C8A4DD}.Debug|Any CPU.ActiveCfg = Debug|Any CPU
		{6FA1B975-7B76-4937-AE51-6B02C7C8A4DD}.Debug|Any CPU.Build.0 = Debug|Any CPU
		{6FA1B975-7B76-4937-AE51-6B02C7C8A4DD}.Release|Any CPU.ActiveCfg = Release|Any CPU
		{6FA1B975-7B76-4937-AE51-6B02C7C8A4DD}.Release|Any CPU.Build.0 = Release|Any CPU
	EndGlobalSection
	GlobalSection(SolutionProperties) = preSolution
		HideSolutionNode = FALSE
	EndGlobalSection
	GlobalSection(ExtensibilityGlobals) = postSolution
		SolutionGuid = {917CA7EC-DD09-425A-9A05-C6089A2E964F}
	EndGlobalSection
EndGlobal
